
Microsoft Visual Studio Solution File, Format Version 12.00
# Visual Studio Version 16
VisualStudioVersion = 16.0.29613.14
MinimumVisualStudioVersion = 10.0.40219.1
Project("{FAE04EC0-301F-11D3-BF4B-00C04F79EFBC}") = "WebComputerShop_final", "WebComputerShop_final\WebComputerShop_final.csproj", "{984685D6-C4EC-4257-A659-6B95CC583A92}"
EndProject
Global
	GlobalSection(SolutionConfigurationPlatforms) = preSolution
		Debug|Any CPU = Debug|Any CPU
		Release|Any CPU = Release|Any CPU
	EndGlobalSection
	GlobalSection(ProjectConfigurationPlatforms) = postSolution
		{984685D6-C4EC-4257-A659-6B95CC583A92}.Debug|Any CPU.ActiveCfg = Debug|Any CPU
		{984685D6-C4EC-4257-A659-6B95CC583A92}.Debug|Any CPU.Build.0 = Debug|Any CPU
		{984685D6-C4EC-4257-A659-6B95CC583A92}.Release|Any CPU.ActiveCfg = Release|Any CPU
		{984685D6-C4EC-4257-A659-6B95CC583A92}.Release|Any CPU.Build.0 = Release|Any CPU
	EndGlobalSection
	GlobalSection(SolutionProperties) = preSolution
		HideSolutionNode = FALSE
	EndGlobalSection
	GlobalSection(ExtensibilityGlobals) = postSolution
		SolutionGuid = {29092E27-5E53-4D8F-8B42-3783C631C821}
	EndGlobalSection
EndGlobal
